# THIS IS AN AUTOGENERATED FILE. DO NOT EDIT THIS FILE DIRECTLY.
# yarn lockfile v1


"@rive-app/webgl2@^2.30.4":
  version "2.30.4"
  resolved "https://registry.yarnpkg.com/@rive-app/webgl2/-/webgl2-2.30.4.tgz#11e010623ea00ac9c1c3bf2e10b0b1d8f92b71a5"
  integrity sha512-/bMKes3KW9Y75QBOf35zDvC+hZyOyBa+0rb7fWcgNxNxv7QRlZANNbouQzujtttGjWroZbWKFyrKNBGNofYklg==

lodash@^4.17.21:
  version "4.17.21"
  resolved "https://registry.yarnpkg.com/lodash/-/lodash-4.17.21.tgz#679591c564c3bffaae8454cf0b3df370c3d6911c"
  integrity sha512-v2kDEe57lecTulaDIuNTPy3Ry4gLGJ6Z1O3vE1krgXZNrsQ+LFTGHVxVjcXPs17LhbZVGedAJv8XZ1tvj5FvSg==

planck@^1.4.2:
  version "1.4.2"
  resolved "https://registry.yarnpkg.com/planck/-/planck-1.4.2.tgz#707c390c889f58d1f2942768b0cd2c2ffc6fc8a8"
  integrity sha512-mNbhnV3g8X2rwGxzcesjmN8BDA6qfXgQxXVMkWau9MCRlQY0RLNEkyHlVp6yFy/X6qrzAXyNONCnZ1cGDLrNew==
